
Microsoft Visual Studio Solution File, Format Version 12.00
# Visual Studio 15
VisualStudioVersion = 15.0.28307.705
MinimumVisualStudioVersion = 10.0.40219.1
Project("{FAE04EC0-301F-11D3-BF4B-00C04F79EFBC}") = "CrackLibConsole", "src\CrackLibConsole\CrackLibConsole.csproj", "{FBFACF64-CA5C-40FB-A237-7DCF6EE7CCBD}"
EndProject
Project("{FAE04EC0-301F-11D3-BF4B-00C04F79EFBC}") = "CrackLib.Net", "src\CrackLib.Net\CrackLib.Net.csproj", "{AE1DBCA9-58D4-43FA-8D5C-1B8419B6571A}"
EndProject
Global
	GlobalSection(SolutionConfigurationPlatforms) = preSolution
		Debug|Any CPU = Debug|Any CPU
		Release|Any CPU = Release|Any CPU
	EndGlobalSection
	GlobalSection(ProjectConfigurationPlatforms) = postSolution
		{FBFACF64-CA5C-40FB-A237-7DCF6EE7CCBD}.Debug|Any CPU.ActiveCfg = Debug|Any CPU
		{FBFACF64-CA5C-40FB-A237-7DCF6EE7CCBD}.Debug|Any CPU.Build.0 = Debug|Any CPU
		{FBFACF64-CA5C-40FB-A237-7DCF6EE7CCBD}.Release|Any CPU.ActiveCfg = Release|Any CPU
		{FBFACF64-CA5C-40FB-A237-7DCF6EE7CCBD}.Release|Any CPU.Build.0 = Release|Any CPU
		{AE1DBCA9-58D4-43FA-8D5C-1B8419B6571A}.Debug|Any CPU.ActiveCfg = Debug|Any CPU
		{AE1DBCA9-58D4-43FA-8D5C-1B8419B6571A}.Debug|Any CPU.Build.0 = Debug|Any CPU
		{AE1DBCA9-58D4-43FA-8D5C-1B8419B6571A}.Release|Any CPU.ActiveCfg = Release|Any CPU
		{AE1DBCA9-58D4-43FA-8D5C-1B8419B6571A}.Release|Any CPU.Build.0 = Release|Any CPU
	EndGlobalSection
	GlobalSection(SolutionProperties) = preSolution
		HideSolutionNode = FALSE
	EndGlobalSection
	GlobalSection(ExtensibilityGlobals) = postSolution
		SolutionGuid = {01388E5A-E4E2-4794-BC89-5850979F6007}
	EndGlobalSection
EndGlobal
